
Microsoft Visual Studio Solution File, Format Version 12.00
# Visual Studio Version 17
VisualStudioVersion = 17.7.34003.232
MinimumVisualStudioVersion = 10.0.40219.1
Project("{FAE04EC0-301F-11D3-BF4B-00C04F79EFBC}") = "OOPSample1", "OOPSample1\OOPSample1.csproj", "{BBBE7AA9-C0EF-413E-A75A-DE8F033AF56B}"
EndProject
Global
	GlobalSection(SolutionConfigurationPlatforms) = preSolution
		Debug|Any CPU = Debug|Any CPU
		Release|Any CPU = Release|Any CPU
	EndGlobalSection
	GlobalSection(ProjectConfigurationPlatforms) = postSolution
		{BBBE7AA9-C0EF-413E-A75A-DE8F033AF56B}.Debug|Any CPU.ActiveCfg = Debug|Any CPU
		{BBBE7AA9-C0EF-413E-A75A-DE8F033AF56B}.Debug|Any CPU.Build.0 = Debug|Any CPU
		{BBBE7AA9-C0EF-413E-A75A-DE8F033AF56B}.Release|Any CPU.ActiveCfg = Release|Any CPU
		{BBBE7AA9-C0EF-413E-A75A-DE8F033AF56B}.Release|Any CPU.Build.0 = Release|Any CPU
	EndGlobalSection
	GlobalSection(SolutionProperties) = preSolution
		HideSolutionNode = FALSE
	EndGlobalSection
	GlobalSection(ExtensibilityGlobals) = postSolution
		SolutionGuid = {F3BD66A0-711A-411A-8420-02421A1B8852}
	EndGlobalSection
EndGlobal
